<Solution>
  <Folder Name="/.solution/">
    <File Path=".editorconfig" />
    <File Path=".gitattributes" />
    <File Path=".gitignore" />
    <File Path="Directory.Build.props" />
    <File Path="Directory.Packages.props" />
  </Folder>
  <Project Path="packages/linqpad/HawsLabs.Extensions.LINQPad.csproj" />
  <Project Path="packages/system/HawsLabs.Extensions.System.csproj" />
</Solution>
