{
  "version": 2,
  "dependencies": {
    "net10.0": {
      "HawsLabs.Analyzers": {
        "type": "Direct",
        "requested": "[26.603.21316, )",
        "resolved": "26.603.21316",
        "contentHash": "Do4SgLLDayUKmLZ+NLY6lKwNM25AbzOlh9whyrp6Ki93AZDDVcEYdtnVOFUVl+HIAy8uY1+f9uE+oJKNbqIF+Q=="
      },
      "JetBrains.Annotations": {
        "type": "Direct",
        "requested": "[2025.2.4, )",
        "resolved": "2025.2.4",
        "contentHash": "TwbgxAkXxY+vNEhNVx/QXjJ4vqxmepOjsgRvvImQPbHkHMMb4W+ahL3laMsxXKtNT7iMy+E1B3xkqao2hf1n3A=="
      },
      "Microsoft.Extensions.Configuration": {
        "type": "Direct",
        "requested": "[10.0.8, )",
        "resolved": "10.0.8",
        "contentHash": "ehZcoPbjzWzS4XFvuz7R3V55SmpdkyMqFURLH3yXaN9NtXd9tR6CGB7pd49HYtCkenl+G7ctXSFLhNI08xLfRg==",
        "dependencies": {
          "Microsoft.Extensions.Configuration.Abstractions": "10.0.8",
          "Microsoft.Extensions.Primitives": "10.0.8"
        }
      },
      "Microsoft.Extensions.Configuration.Abstractions": {
        "type": "Transitive",
        "resolved": "10.0.8",
        "contentHash": "I63esIFbL3h5pSt7gXpXOlmcwDmYBUoYNEglKfDPFUqtYvSV84f2l28hO2lfVXsV0wdlplgAM7IVz16matapSg==",
        "dependencies": {
          "Microsoft.Extensions.Primitives": "10.0.8"
        }
      },
      "Microsoft.Extensions.Primitives": {
        "type": "Transitive",
        "resolved": "10.0.8",
        "contentHash": "OBPo4nYhMyIbtueoC10CBm6AGAbo/A9IV8QQ/6ryZS7VvmqpGT7hunazeHLxFawRzn3oLOq4jhqhpBX4tfswWQ=="
      },
      "hawslabs.extensions.system": {
        "type": "Project",
        "dependencies": {
          "BraceExpander": "[1.0.4, )",
          "Microsoft.Extensions.FileSystemGlobbing": "[10.0.8, )"
        }
      },
      "BraceExpander": {
        "type": "CentralTransitive",
        "requested": "[1.0.4, )",
        "resolved": "1.0.4",
        "contentHash": "ozLtJnid6yACddYwc3u2Rd1xpxa30kCOU6tWB/3HBoftsvDDk6d0/BvCs7gdXzi/L+nzMI3xOjgw4q6De0D+yw=="
      },
      "Microsoft.Extensions.FileSystemGlobbing": {
        "type": "CentralTransitive",
        "requested": "[10.0.8, )",
        "resolved": "10.0.8",
        "contentHash": "IUQet3SY51xIFcFZKtAB6a54/Zdxs7T3SQ84kJtOD6yeXfZgiOMksACWD5qtTmXGQGFH4QYGBOT0KIO8Uy/dJw=="
      }
    }
  }
}